
Microsoft Visual Studio Solution File, Format Version 12.00
# Visual Studio 15
VisualStudioVersion = 15.0.28307.1927
MinimumVisualStudioVersion = 10.0.40219.1
Project("{00D1A9C2-B5F0-4AF3-8072-F6C62B433612}") = "InvAppDB", "InvAppDB\InvAppDB.sqlproj", "{3CC20E41-D1D6-4ABD-82AF-FDB480CC3BB9}"
EndProject
Project("{FAE04EC0-301F-11D3-BF4B-00C04F79EFBC}") = "InventoryWebApp", "InventoryWebApp\InventoryWebApp.csproj", "{8ACB6B80-4351-4065-A7A5-9AA64E908D73}"
EndProject
Global
	GlobalSection(SolutionConfigurationPlatforms) = preSolution
		Debug|Any CPU = Debug|Any CPU
		Release|Any CPU = Release|Any CPU
	EndGlobalSection
	GlobalSection(ProjectConfigurationPlatforms) = postSolution
		{3CC20E41-D1D6-4ABD-82AF-FDB480CC3BB9}.Debug|Any CPU.ActiveCfg = Debug|Any CPU
		{3CC20E41-D1D6-4ABD-82AF-FDB480CC3BB9}.Debug|Any CPU.Build.0 = Debug|Any CPU
		{3CC20E41-D1D6-4ABD-82AF-FDB480CC3BB9}.Debug|Any CPU.Deploy.0 = Debug|Any CPU
		{3CC20E41-D1D6-4ABD-82AF-FDB480CC3BB9}.Release|Any CPU.ActiveCfg = Release|Any CPU
		{3CC20E41-D1D6-4ABD-82AF-FDB480CC3BB9}.Release|Any CPU.Build.0 = Release|Any CPU
		{3CC20E41-D1D6-4ABD-82AF-FDB480CC3BB9}.Release|Any CPU.Deploy.0 = Release|Any CPU
		{8ACB6B80-4351-4065-A7A5-9AA64E908D73}.Debug|Any CPU.ActiveCfg = Debug|Any CPU
		{8ACB6B80-4351-4065-A7A5-9AA64E908D73}.Debug|Any CPU.Build.0 = Debug|Any CPU
		{8ACB6B80-4351-4065-A7A5-9AA64E908D73}.Release|Any CPU.ActiveCfg = Release|Any CPU
		{8ACB6B80-4351-4065-A7A5-9AA64E908D73}.Release|Any CPU.Build.0 = Release|Any CPU
	EndGlobalSection
	GlobalSection(SolutionProperties) = preSolution
		HideSolutionNode = FALSE
	EndGlobalSection
	GlobalSection(ExtensibilityGlobals) = postSolution
		SolutionGuid = {A6E1B1EC-588A-41D4-9731-E32F8BCA5461}
	EndGlobalSection
EndGlobal
